
Microsoft Visual Studio Solution File, Format Version 12.00
# Visual Studio Version 16
VisualStudioVersion = 16.0.30621.155
MinimumVisualStudioVersion = 10.0.40219.1
Project("{FAE04EC0-301F-11D3-BF4B-00C04F79EFBC}") = "EncapsulationV1", "Encapsulation\EncapsulationV1.csproj", "{A2510A0E-8821-4C47-A955-BE870D1716CE}"
EndProject
Global
	GlobalSection(SolutionConfigurationPlatforms) = preSolution
		Debug|Any CPU = Debug|Any CPU
		Release|Any CPU = Release|Any CPU
	EndGlobalSection
	GlobalSection(ProjectConfigurationPlatforms) = postSolution
		{A2510A0E-8821-4C47-A955-BE870D1716CE}.Debug|Any CPU.ActiveCfg = Debug|Any CPU
		{A2510A0E-8821-4C47-A955-BE870D1716CE}.Debug|Any CPU.Build.0 = Debug|Any CPU
		{A2510A0E-8821-4C47-A955-BE870D1716CE}.Release|Any CPU.ActiveCfg = Release|Any CPU
		{A2510A0E-8821-4C47-A955-BE870D1716CE}.Release|Any CPU.Build.0 = Release|Any CPU
	EndGlobalSection
	GlobalSection(SolutionProperties) = preSolution
		HideSolutionNode = FALSE
	EndGlobalSection
	GlobalSection(ExtensibilityGlobals) = postSolution
		SolutionGuid = {1CE0647D-ECD3-490A-8E9E-7EB33A6BD9AA}
	EndGlobalSection
EndGlobal
