
Microsoft Visual Studio Solution File, Format Version 12.00
# Visual Studio Version 16
VisualStudioVersion = 16.0.30621.155
MinimumVisualStudioVersion = 10.0.40219.1
Project("{9A19103F-16F7-4668-BE54-9A1E7A4F7556}") = "Polymorphism", "Polymorphism_Demo\Polymorphism.csproj", "{F12260D9-3109-4C22-AB15-1BA7710A14B3}"
EndProject
Global
	GlobalSection(SolutionConfigurationPlatforms) = preSolution
		Debug|Any CPU = Debug|Any CPU
		Release|Any CPU = Release|Any CPU
	EndGlobalSection
	GlobalSection(ProjectConfigurationPlatforms) = postSolution
		{F12260D9-3109-4C22-AB15-1BA7710A14B3}.Debug|Any CPU.ActiveCfg = Debug|Any CPU
		{F12260D9-3109-4C22-AB15-1BA7710A14B3}.Debug|Any CPU.Build.0 = Debug|Any CPU
		{F12260D9-3109-4C22-AB15-1BA7710A14B3}.Release|Any CPU.ActiveCfg = Release|Any CPU
		{F12260D9-3109-4C22-AB15-1BA7710A14B3}.Release|Any CPU.Build.0 = Release|Any CPU
	EndGlobalSection
	GlobalSection(SolutionProperties) = preSolution
		HideSolutionNode = FALSE
	EndGlobalSection
	GlobalSection(ExtensibilityGlobals) = postSolution
		SolutionGuid = {9F8DB8C0-4D9E-488E-8824-E35290372818}
	EndGlobalSection
EndGlobal
